
Microsoft Visual Studio Solution File, Format Version 10.00
# Visual Studio 2008
Project("{8BC9CEB8-8B4A-11D0-8D11-00A0C91BC942}") = "MyUtilman", "MyUtilman\MyUtilman.vcproj", "{27FA5FAE-1DA3-4C96-B40A-E7E7F5E1115E}"
EndProject
Project("{8BC9CEB8-8B4A-11D0-8D11-00A0C91BC942}") = "Kill", "Kill\Kill.vcproj", "{41F10663-FCB8-4ABB-824E-6B84A58EA3C3}"
	ProjectSection(ProjectDependencies) = postProject
		{27FA5FAE-1DA3-4C96-B40A-E7E7F5E1115E} = {27FA5FAE-1DA3-4C96-B40A-E7E7F5E1115E}
	EndProjectSection
EndProject
Global
	GlobalSection(SolutionConfigurationPlatforms) = preSolution
		Debug|Win32 = Debug|Win32
		Release|Win32 = Release|Win32
	EndGlobalSection
	GlobalSection(ProjectConfigurationPlatforms) = postSolution
		{27FA5FAE-1DA3-4C96-B40A-E7E7F5E1115E}.Debug|Win32.ActiveCfg = Debug|Win32
		{27FA5FAE-1DA3-4C96-B40A-E7E7F5E1115E}.Debug|Win32.Build.0 = Debug|Win32
		{27FA5FAE-1DA3-4C96-B40A-E7E7F5E1115E}.Release|Win32.ActiveCfg = Release|Win32
		{27FA5FAE-1DA3-4C96-B40A-E7E7F5E1115E}.Release|Win32.Build.0 = Release|Win32
		{41F10663-FCB8-4ABB-824E-6B84A58EA3C3}.Debug|Win32.ActiveCfg = Debug|Win32
		{41F10663-FCB8-4ABB-824E-6B84A58EA3C3}.Debug|Win32.Build.0 = Debug|Win32
		{41F10663-FCB8-4ABB-824E-6B84A58EA3C3}.Release|Win32.ActiveCfg = Release|Win32
		{41F10663-FCB8-4ABB-824E-6B84A58EA3C3}.Release|Win32.Build.0 = Release|Win32
	EndGlobalSection
	GlobalSection(SolutionProperties) = preSolution
		HideSolutionNode = FALSE
	EndGlobalSection
EndGlobal
